// !$*UTF8*$!
{
	archiveVersion = 1;
	classes = {
	};
	objectVersion = 46;
	objects = {

/* Begin PBXBuildFile section */
		8D388B8A19E0485C004E44FD /* main.m in Sources */ = {isa = PBXBuildFile; fileRef = 8D388B8919E0485C004E44FD /* main.m */; };
		8D388B8D19E0485C004E44FD /* AppDelegate.m in Sources */ = {isa = PBXBuildFile; fileRef = 8D388B8C19E0485C004E44FD /* AppDelegate.m */; };
		8D388B9019E0485C004E44FD /* otasuke.xcdatamodeld in Sources */ = {isa = PBXBuildFile; fileRef = 8D388B8E19E0485C004E44FD /* otasuke.xcdatamodeld */; };
		8D388B9319E0485C004E44FD /* ViewController.m in Sources */ = {isa = PBXBuildFile; fileRef = 8D388B9219E0485C004E44FD /* ViewController.m */; };
		8D388B9619E0485C004E44FD /* Main.storyboard in Resources */ = {isa = PBXBuildFile; fileRef = 8D388B9419E0485C004E44FD /* Main.storyboard */; };
		8D388B9819E0485C004E44FD /* Images.xcassets in Resources */ = {isa = PBXBuildFile; fileRef = 8D388B9719E0485C004E44FD /* Images.xcassets */; };
		8D388B9B19E0485C004E44FD /* LaunchScreen.xib in Resources */ = {isa = PBXBuildFile; fileRef = 8D388B9919E0485C004E44FD /* LaunchScreen.xib */; };
		8D388BA719E0485C004E44FD /* otasukeTests.m in Sources */ = {isa = PBXBuildFile; fileRef = 8D388BA619E0485C004E44FD /* otasukeTests.m */; };
/* End PBXBuildFile section */

/* Begin PBXContainerItemProxy section */
		8D388BA119E0485C004E44FD /* PBXContainerItemProxy */ = {
			isa = PBXContainerItemProxy;
			containerPortal = 8D388B7C19E0485C004E44FD /* Project object */;
			proxyType = 1;
			remoteGlobalIDString = 8D388B8319E0485C004E44FD;
			remoteInfo = otasuke;
		};
/* End PBXContainerItemProxy section */

/* Begin PBXFileReference section */
		8D388B8419E0485C004E44FD /* otasuke.app */ = {isa = PBXFileReference; explicitFileType = wrapper.application; includeInIndex = 0; path = otasuke.app; sourceTree = BUILT_PRODUCTS_DIR; };
		8D388B8819E0485C004E44FD /* Info.plist */ = {isa = PBXFileReference; lastKnownFileType = text.plist.xml; path = Info.plist; sourceTree = "<group>"; };
		8D388B8919E0485C004E44FD /* main.m */ = {isa = PBXFileReference; lastKnownFileType = sourcecode.c.objc; path = main.m; sourceTree = "<group>"; };
		8D388B8B19E0485C004E44FD /* AppDelegate.h */ = {isa = PBXFileReference; lastKnownFileType = sourcecode.c.h; path = AppDelegate.h; sourceTree = "<group>"; };
		8D388B8C19E0485C004E44FD /* AppDelegate.m */ = {isa = PBXFileReference; lastKnownFileType = sourcecode.c.objc; path = AppDelegate.m; sourceTree = "<group>"; };
		8D388B8F19E0485C004E44FD /* otasuke.xcdatamodel */ = {isa = PBXFileReference; lastKnownFileType = wrapper.xcdatamodel; path = otasuke.xcdatamodel; sourceTree = "<group>"; };
		8D388B9119E0485C004E44FD /* ViewController.h */ = {isa = PBXFileReference; lastKnownFileType = sourcecode.c.h; path = ViewController.h; sourceTree = "<group>"; };
		8D388B9219E0485C004E44FD /* ViewController.m */ = {isa = PBXFileReference; lastKnownFileType = sourcecode.c.objc; path = ViewController.m; sourceTree = "<group>"; };
		8D388B9519E0485C004E44FD /* Base */ = {isa = PBXFileReference; lastKnownFileType = file.storyboard; name = Base; path = Base.lproj/Main.storyboard; sourceTree = "<group>"; };
		8D388B9719E0485C004E44FD /* Images.xcassets */ = {isa = PBXFileReference; lastKnownFileType = folder.assetcatalog; path = Images.xcassets; sourceTree = "<group>"; };
		8D388B9A19E0485C004E44FD /* Base */ = {isa = PBXFileReference; lastKnownFileType = file.xib; name = Base; path = Base.lproj/LaunchScreen.xib; sourceTree = "<group>"; };
		8D388BA019E0485C004E44FD /* otasukeTests.xctest */ = {isa = PBXFileReference; explicitFileType = wrapper.cfbundle; includeInIndex = 0; path = otasukeTests.xctest; sourceTree = BUILT_PRODUCTS_DIR; };
		8D388BA519E0485C004E44FD /* Info.plist */ = {isa = PBXFileReference; lastKnownFileType = text.plist.xml; path = Info.plist; sourceTree = "<group>"; };
		8D388BA619E0485C004E44FD /* otasukeTests.m */ = {isa = PBXFileReference; lastKnownFileType = sourcecode.c.objc; path = otasukeTests.m; sourceTree = "<group>"; };
/* End PBXFileReference section */

/* Begin PBXFrameworksBuildPhase section */
		8D388B8119E0485C004E44FD /* Frameworks */ = {
			isa = PBXFrameworksBuildPhase;
			buildActionMask = 2147483647;
			files = (
			);
			runOnlyForDeploymentPostprocessing = 0;
		};
		8D388B9D19E0485C004E44FD /* Frameworks */ = {
			isa = PBXFrameworksBuildPhase;
			buildActionMask = 2147483647;
			files = (
			);
			runOnlyForDeploymentPostprocessing = 0;
		};
/* End PBXFrameworksBuildPhase section */

/* Begin PBXGroup section */
		8D388B7B19E0485C004E44FD = {
			isa = PBXGroup;
			children = (
				8D388B8619E0485C004E44FD /* otasuke */,
				8D388BA319E0485C004E44FD /* otasukeTests */,
				8D388B8519E0485C004E44FD /* Products */,
			);
			sourceTree = "<group>";
		};
		8D388B8519E0485C004E44FD /* Products */ = {
			isa = PBXGroup;
			children = (
				8D388B8419E0485C004E44FD /* otasuke.app */,
				8D388BA019E0485C004E44FD /* otasukeTests.xctest */,
			);
			name = Products;
			sourceTree = "<group>";
		};
		8D388B8619E0485C004E44FD /* otasuke */ = {
			isa = PBXGroup;
			children = (
				8D388B8B19E0485C004E44FD /* AppDelegate.h */,
				8D388B8C19E0485C004E44FD /* AppDelegate.m */,
				8D388B9119E0485C004E44FD /* ViewController.h */,
				8D388B9219E0485C004E44FD /* ViewController.m */,
				8D388B9419E0485C004E44FD /* Main.storyboard */,
				8D388B9719E0485C004E44FD /* Images.xcassets */,
				8D388B9919E0485C004E44FD /* LaunchScreen.xib */,
				8D388B8E19E0485C004E44FD /* otasuke.xcdatamodeld */,
				8D388B8719E0485C004E44FD /* Supporting Files */,
			);
			path = otasuke;
			sourceTree = "<group>";
		};
		8D388B8719E0485C004E44FD /* Supporting Files */ = {
			isa = PBXGroup;
			children = (
				8D388B8819E0485C004E44FD /* Info.plist */,
				8D388B8919E0485C004E44FD /* main.m */,
			);
			name = "Supporting Files";
			sourceTree = "<group>";
		};
		8D388BA319E0485C004E44FD /* otasukeTests */ = {
			isa = PBXGroup;
			children = (
				8D388BA619E0485C004E44FD /* otasukeTests.m */,
				8D388BA419E0485C004E44FD /* Supporting Files */,
			);
			path = otasukeTests;
			sourceTree = "<group>";
		};
		8D388BA419E0485C004E44FD /* Supporting Files */ = {
			isa = PBXGroup;
			children = (
				8D388BA519E0485C004E44FD /* Info.plist */,
			);
			name = "Supporting Files";
			sourceTree = "<group>";
		};
/* End PBXGroup section */

/* Begin PBXNativeTarget section */
		8D388B8319E0485C004E44FD /* otasuke */ = {
			isa = PBXNativeTarget;
			buildConfigurationList = 8D388BAA19E0485C004E44FD /* Build configuration list for PBXNativeTarget "otasuke" */;
			buildPhases = (
				8D388B8019E0485C004E44FD /* Sources */,
				8D388B8119E0485C004E44FD /* Frameworks */,
				8D388B8219E0485C004E44FD /* Resources */,
			);
			buildRules = (
			);
			dependencies = (
			);
			name = otasuke;
			productName = otasuke;
			productReference = 8D388B8419E0485C004E44FD /* otasuke.app */;
			productType = "com.apple.product-type.application";
		};
		8D388B9F19E0485C004E44FD /* otasukeTests */ = {
			isa = PBXNativeTarget;
			buildConfigurationList = 8D388BAD19E0485C004E44FD /* Build configuration list for PBXNativeTarget "otasukeTests" */;
			buildPhases = (
				8D388B9C19E0485C004E44FD /* Sources */,
				8D388B9D19E0485C004E44FD /* Frameworks */,
				8D388B9E19E0485C004E44FD /* Resources */,
			);
			buildRules = (
			);
			dependencies = (
				8D388BA219E0485C004E44FD /* PBXTargetDependency */,
			);
			name = otasukeTests;
			productName = otasukeTests;
			productReference = 8D388BA019E0485C004E44FD /* otasukeTests.xctest */;
			productType = "com.apple.product-type.bundle.unit-test";
		};
/* End PBXNativeTarget section */

/* Begin PBXProject section */
		8D388B7C19E0485C004E44FD /* Project object */ = {
			isa = PBXProject;
			attributes = {
				LastUpgradeCheck = 0600;
				ORGANIZATIONNAME = suzuki_kiwamu;
				TargetAttributes = {
					8D388B8319E0485C004E44FD = {
						CreatedOnToolsVersion = 6.0.1;
					};
					8D388B9F19E0485C004E44FD = {
						CreatedOnToolsVersion = 6.0.1;
						TestTargetID = 8D388B8319E0485C004E44FD;
					};
				};
			};
			buildConfigurationList = 8D388B7F19E0485C004E44FD /* Build configuration list for PBXProject "otasuke" */;
			compatibilityVersion = "Xcode 3.2";
			developmentRegion = English;
			hasScannedForEncodings = 0;
			knownRegions = (
				en,
				Base,
			);
			mainGroup = 8D388B7B19E0485C004E44FD;
			productRefGroup = 8D388B8519E0485C004E44FD /* Products */;
			projectDirPath = "";
			projectRoot = "";
			targets = (
				8D388B8319E0485C004E44FD /* otasuke */,
				8D388B9F19E0485C004E44FD /* otasukeTests */,
			);
		};
/* End PBXProject section */

/* Begin PBXResourcesBuildPhase section */
		8D388B8219E0485C004E44FD /* Resources */ = {
			isa = PBXResourcesBuildPhase;
			buildActionMask = 2147483647;
			files = (
				8D388B9619E0485C004E44FD /* Main.storyboard in Resources */,
				8D388B9B19E0485C004E44FD /* LaunchScreen.xib in Resources */,
				8D388B9819E0485C004E44FD /* Images.xcassets in Resources */,
			);
			runOnlyForDeploymentPostprocessing = 0;
		};
		8D388B9E19E0485C004E44FD /* Resources */ = {
			isa = PBXResourcesBuildPhase;
			buildActionMask = 2147483647;
			files = (
			);
			runOnlyForDeploymentPostprocessing = 0;
		};
/* End PBXResourcesBuildPhase section */

/* Begin PBXSourcesBuildPhase section */
		8D388B8019E0485C004E44FD /* Sources */ = {
			isa = PBXSourcesBuildPhase;
			buildActionMask = 2147483647;
			files = (
				8D388B8D19E0485C004E44FD /* AppDelegate.m in Sources */,
				8D388B9019E0485C004E44FD /* otasuke.xcdatamodeld in Sources */,
				8D388B9319E0485C004E44FD /* ViewController.m in Sources */,
				8D388B8A19E0485C004E44FD /* main.m in Sources */,
			);
			runOnlyForDeploymentPostprocessing = 0;
		};
		8D388B9C19E0485C004E44FD /* Sources */ = {
			isa = PBXSourcesBuildPhase;
			buildActionMask = 2147483647;
			files = (
				8D388BA719E0485C004E44FD /* otasukeTests.m in Sources */,
			);
			runOnlyForDeploymentPostprocessing = 0;
		};
/* End PBXSourcesBuildPhase section */

/* Begin PBXTargetDependency section */
		8D388BA219E0485C004E44FD /* PBXTargetDependency */ = {
			isa = PBXTargetDependency;
			target = 8D388B8319E0485C004E44FD /* otasuke */;
			targetProxy = 8D388BA119E0485C004E44FD /* PBXContainerItemProxy */;
		};
/* End PBXTargetDependency section */

/* Begin PBXVariantGroup section */
		8D388B9419E0485C004E44FD /* Main.storyboard */ = {
			isa = PBXVariantGroup;
			children = (
				8D388B9519E0485C004E44FD /* Base */,
			);
			name = Main.storyboard;
			sourceTree = "<group>";
		};
		8D388B9919E0485C004E44FD /* LaunchScreen.xib */ = {
			isa = PBXVariantGroup;
			children = (
				8D388B9A19E0485C004E44FD /* Base */,
			);
			name = LaunchScreen.xib;
			sourceTree = "<group>";
		};
/* End PBXVariantGroup section */

/* Begin XCBuildConfiguration section */
		8D388BA819E0485C004E44FD /* Debug */ = {
			isa = XCBuildConfiguration;
			buildSettings = {
				ALWAYS_SEARCH_USER_PATHS = NO;
				CLANG_CXX_LANGUAGE_STANDARD = "gnu++0x";
				CLANG_CXX_LIBRARY = "libc++";
				CLANG_ENABLE_MODULES = YES;
				CLANG_ENABLE_OBJC_ARC = YES;
				CLANG_WARN_BOOL_CONVERSION = YES;
				CLANG_WARN_CONSTANT_CONVERSION = YES;
				CLANG_WARN_DIRECT_OBJC_ISA_USAGE = YES_ERROR;
				CLANG_WARN_EMPTY_BODY = YES;
				CLANG_WARN_ENUM_CONVERSION = YES;
				CLANG_WARN_INT_CONVERSION = YES;
				CLANG_WARN_OBJC_ROOT_CLASS = YES_ERROR;
				CLANG_WARN_UNREACHABLE_CODE = YES;
				CLANG_WARN__DUPLICATE_METHOD_MATCH = YES;
				"CODE_SIGN_IDENTITY[sdk=iphoneos*]" = "iPhone Developer";
				COPY_PHASE_STRIP = NO;
				ENABLE_STRICT_OBJC_MSGSEND = YES;
				GCC_C_LANGUAGE_STANDARD = gnu99;
				GCC_DYNAMIC_NO_PIC = NO;
				GCC_OPTIMIZATION_LEVEL = 0;
				GCC_PREPROCESSOR_DEFINITIONS = (
					"DEBUG=1",
					"$(inherited)",
				);
				GCC_SYMBOLS_PRIVATE_EXTERN = NO;
				GCC_WARN_64_TO_32_BIT_CONVERSION = YES;
				GCC_WARN_ABOUT_RETURN_TYPE = YES_ERROR;
				GCC_WARN_UNDECLARED_SELECTOR = YES;
				GCC_WARN_UNINITIALIZED_AUTOS = YES_AGGRESSIVE;
				GCC_WARN_UNUSED_FUNCTION = YES;
				GCC_WARN_UNUSED_VARIABLE = YES;
				IPHONEOS_DEPLOYMENT_TARGET = 8.0;
				MTL_ENABLE_DEBUG_INFO = YES;
				ONLY_ACTIVE_ARCH = YES;
				SDKROOT = iphoneos;
			};
			name = Debug;
		};
		8D388BA919E0485C004E44FD /* Release */ = {
			isa = XCBuildConfiguration;
			buildSettings = {
				ALWAYS_SEARCH_USER_PATHS = NO;
				CLANG_CXX_LANGUAGE_STANDARD = "gnu++0x";
				CLANG_CXX_LIBRARY = "libc++";
				CLANG_ENABLE_MODULES = YES;
				CLANG_ENABLE_OBJC_ARC = YES;
				CLANG_WARN_BOOL_CONVERSION = YES;
				CLANG_WARN_CONSTANT_CONVERSION = YES;
				CLANG_WARN_DIRECT_OBJC_ISA_USAGE = YES_ERROR;
				CLANG_WARN_EMPTY_BODY = YES;
				CLANG_WARN_ENUM_CONVERSION = YES;
				CLANG_WARN_INT_CONVERSION = YES;
				CLANG_WARN_OBJC_ROOT_CLASS = YES_ERROR;
				CLANG_WARN_UNREACHABLE_CODE = YES;
				CLANG_WARN__DUPLICATE_METHOD_MATCH = YES;
				"CODE_SIGN_IDENTITY[sdk=iphoneos*]" = "iPhone Developer";
				COPY_PHASE_STRIP = YES;
				ENABLE_NS_ASSERTIONS = NO;
				ENABLE_STRICT_OBJC_MSGSEND = YES;
				GCC_C_LANGUAGE_STANDARD = gnu99;
				GCC_WARN_64_TO_32_BIT_CONVERSION = YES;
				GCC_WARN_ABOUT_RETURN_TYPE = YES_ERROR;
				GCC_WARN_UNDECLARED_SELECTOR = YES;
				GCC_WARN_UNINITIALIZED_AUTOS = YES_AGGRESSIVE;
				GCC_WARN_UNUSED_FUNCTION = YES;
				GCC_WARN_UNUSED_VARIABLE = YES;
				IPHONEOS_DEPLOYMENT_TARGET = 8.0;
				MTL_ENABLE_DEBUG_INFO = NO;
				SDKROOT = iphoneos;
				VALIDATE_PRODUCT = YES;
			};
			name = Release;
		};
		8D388BAB19E0485C004E44FD /* Debug */ = {
			isa = XCBuildConfiguration;
			buildSettings = {
				ASSETCATALOG_COMPILER_APPICON_NAME = AppIcon;
				INFOPLIST_FILE = otasuke/Info.plist;
				LD_RUNPATH_SEARCH_PATHS = "$(inherited) @executable_path/Frameworks";
				PRODUCT_NAME = "$(TARGET_NAME)";
			};
			name = Debug;
		};
		8D388BAC19E0485C004E44FD /* Release */ = {
			isa = XCBuildConfiguration;
			buildSettings = {
				ASSETCATALOG_COMPILER_APPICON_NAME = AppIcon;
				INFOPLIST_FILE = otasuke/Info.plist;
				LD_RUNPATH_SEARCH_PATHS = "$(inherited) @executable_path/Frameworks";
				PRODUCT_NAME = "$(TARGET_NAME)";
			};
			name = Release;
		};
		8D388BAE19E0485C004E44FD /* Debug */ = {
			isa = XCBuildConfiguration;
			buildSettings = {
				BUNDLE_LOADER = "$(TEST_HOST)";
				FRAMEWORK_SEARCH_PATHS = (
					"$(SDKROOT)/Developer/Library/Frameworks",
					"$(inherited)",
				);
				GCC_PREPROCESSOR_DEFINITIONS = (
					"DEBUG=1",
					"$(inherited)",
				);
				INFOPLIST_FILE = otasukeTests/Info.plist;
				LD_RUNPATH_SEARCH_PATHS = "$(inherited) @executable_path/Frameworks @loader_path/Frameworks";
				PRODUCT_NAME = "$(TARGET_NAME)";
				TEST_HOST = "$(BUILT_PRODUCTS_DIR)/otasuke.app/otasuke";
			};
			name = Debug;
		};
		8D388BAF19E0485C004E44FD /* Release */ = {
			isa = XCBuildConfiguration;
			buildSettings = {
				BUNDLE_LOADER = "$(TEST_HOST)";
				FRAMEWORK_SEARCH_PATHS = (
					"$(SDKROOT)/Developer/Library/Frameworks",
					"$(inherited)",
				);
				INFOPLIST_FILE = otasukeTests/Info.plist;
				LD_RUNPATH_SEARCH_PATHS = "$(inherited) @executable_path/Frameworks @loader_path/Frameworks";
				PRODUCT_NAME = "$(TARGET_NAME)";
				TEST_HOST = "$(BUILT_PRODUCTS_DIR)/otasuke.app/otasuke";
			};
			name = Release;
		};
/* End XCBuildConfiguration section */

/* Begin XCConfigurationList section */
		8D388B7F19E0485C004E44FD /* Build configuration list for PBXProject "otasuke" */ = {
			isa = XCConfigurationList;
			buildConfigurations = (
				8D388BA819E0485C004E44FD /* Debug */,
				8D388BA919E0485C004E44FD /* Release */,
			);
			defaultConfigurationIsVisible = 0;
			defaultConfigurationName = Release;
		};
		8D388BAA19E0485C004E44FD /* Build configuration list for PBXNativeTarget "otasuke" */ = {
			isa = XCConfigurationList;
			buildConfigurations = (
				8D388BAB19E0485C004E44FD /* Debug */,
				8D388BAC19E0485C004E44FD /* Release */,
			);
			defaultConfigurationIsVisible = 0;
		};
		8D388BAD19E0485C004E44FD /* Build configuration list for PBXNativeTarget "otasukeTests" */ = {
			isa = XCConfigurationList;
			buildConfigurations = (
				8D388BAE19E0485C004E44FD /* Debug */,
				8D388BAF19E0485C004E44FD /* Release */,
			);
			defaultConfigurationIsVisible = 0;
		};
/* End XCConfigurationList section */

/* Begin XCVersionGroup section */
		8D388B8E19E0485C004E44FD /* otasuke.xcdatamodeld */ = {
			isa = XCVersionGroup;
			children = (
				8D388B8F19E0485C004E44FD /* otasuke.xcdatamodel */,
			);
			currentVersion = 8D388B8F19E0485C004E44FD /* otasuke.xcdatamodel */;
			path = otasuke.xcdatamodeld;
			sourceTree = "<group>";
			versionGroupType = wrapper.xcdatamodel;
		};
/* End XCVersionGroup section */
	};
	rootObject = 8D388B7C19E0485C004E44FD /* Project object */;
}
